
Microsoft Visual Studio Solution File, Format Version 12.00
# Visual Studio Version 16
VisualStudioVersion = 16.0.29926.136
MinimumVisualStudioVersion = 10.0.40219.1
Project("{FAE04EC0-301F-11D3-BF4B-00C04F79EFBC}") = "Analyzer", "Analyzer\Analyzer.csproj", "{46EF2573-0524-464B-B3F3-0B87F50D8EC9}"
EndProject
Project("{2150E333-8FDC-42A3-9474-1A3956D46DE8}") = "Sources", "Sources", "{95A07A28-1B2F-4B44-AE35-6B668B3B737A}"
EndProject
Project("{2150E333-8FDC-42A3-9474-1A3956D46DE8}") = "Tests", "Tests", "{3196532C-86C4-40BC-BF58-E3F8D4EC0468}"
EndProject
Project("{FAE04EC0-301F-11D3-BF4B-00C04F79EFBC}") = "Analyzer.Tests", "Analyzer.Tests\Analyzer.Tests.csproj", "{63E19D95-82D4-4B9C-8B78-466883E44DF5}"
EndProject
Global
	GlobalSection(SolutionConfigurationPlatforms) = preSolution
		Debug|Any CPU = Debug|Any CPU
		Release|Any CPU = Release|Any CPU
	EndGlobalSection
	GlobalSection(ProjectConfigurationPlatforms) = postSolution
		{46EF2573-0524-464B-B3F3-0B87F50D8EC9}.Debug|Any CPU.ActiveCfg = Debug|Any CPU
		{46EF2573-0524-464B-B3F3-0B87F50D8EC9}.Debug|Any CPU.Build.0 = Debug|Any CPU
		{46EF2573-0524-464B-B3F3-0B87F50D8EC9}.Release|Any CPU.ActiveCfg = Release|Any CPU
		{46EF2573-0524-464B-B3F3-0B87F50D8EC9}.Release|Any CPU.Build.0 = Release|Any CPU
		{63E19D95-82D4-4B9C-8B78-466883E44DF5}.Debug|Any CPU.ActiveCfg = Debug|Any CPU
		{63E19D95-82D4-4B9C-8B78-466883E44DF5}.Debug|Any CPU.Build.0 = Debug|Any CPU
		{63E19D95-82D4-4B9C-8B78-466883E44DF5}.Release|Any CPU.ActiveCfg = Release|Any CPU
		{63E19D95-82D4-4B9C-8B78-466883E44DF5}.Release|Any CPU.Build.0 = Release|Any CPU
	EndGlobalSection
	GlobalSection(SolutionProperties) = preSolution
		HideSolutionNode = FALSE
	EndGlobalSection
	GlobalSection(NestedProjects) = preSolution
		{46EF2573-0524-464B-B3F3-0B87F50D8EC9} = {95A07A28-1B2F-4B44-AE35-6B668B3B737A}
		{63E19D95-82D4-4B9C-8B78-466883E44DF5} = {3196532C-86C4-40BC-BF58-E3F8D4EC0468}
	EndGlobalSection
	GlobalSection(ExtensibilityGlobals) = postSolution
		SolutionGuid = {08716D54-7C20-4F29-933F-C09B760B4B57}
	EndGlobalSection
EndGlobal
