
Microsoft Visual Studio Solution File, Format Version 12.00
# Visual Studio Version 16
VisualStudioVersion = 16.0.30711.63
MinimumVisualStudioVersion = 10.0.40219.1
Project("{9A19103F-16F7-4668-BE54-9A1E7A4F7556}") = "CCAnalyzer", "CCAnalyzer\CCAnalyzer\CCAnalyzer.csproj", "{E9A0A9F9-6532-4030-81EF-C57DDC2DC4A2}"
EndProject
Project("{9A19103F-16F7-4668-BE54-9A1E7A4F7556}") = "CCAnalyzer.Package", "CCAnalyzer\CCAnalyzer.Package\CCAnalyzer.Package.csproj", "{75F47D59-DD56-438B-BDCD-026C3DD48DA3}"
EndProject
Project("{9A19103F-16F7-4668-BE54-9A1E7A4F7556}") = "CCAnalyzer.Vsix", "CCAnalyzer\CCAnalyzer.Vsix\CCAnalyzer.Vsix.csproj", "{CDD3F8B9-B969-42D0-B345-218DBF55090D}"
EndProject
Project("{9A19103F-16F7-4668-BE54-9A1E7A4F7556}") = "CCAnalyzer.Tests", "CCAnalyzer\CCAnalyzer.Tests\CCAnalyzer.Tests.csproj", "{55E4ACB6-99E0-4F4F-B64A-5A96BF33CCE6}"
EndProject
Project("{2150E333-8FDC-42A3-9474-1A3956D46DE8}") = "Docs", "Docs", "{2EE84C32-6BF4-4C86-8837-79EB49D16BA8}"
	ProjectSection(SolutionItems) = preProject
		Docs\Rule reference.md = Docs\Rule reference.md
	EndProjectSection
EndProject
Global
	GlobalSection(SolutionConfigurationPlatforms) = preSolution
		Debug|Any CPU = Debug|Any CPU
		Release|Any CPU = Release|Any CPU
	EndGlobalSection
	GlobalSection(ProjectConfigurationPlatforms) = postSolution
		{E9A0A9F9-6532-4030-81EF-C57DDC2DC4A2}.Debug|Any CPU.ActiveCfg = Debug|Any CPU
		{E9A0A9F9-6532-4030-81EF-C57DDC2DC4A2}.Debug|Any CPU.Build.0 = Debug|Any CPU
		{E9A0A9F9-6532-4030-81EF-C57DDC2DC4A2}.Release|Any CPU.ActiveCfg = Release|Any CPU
		{E9A0A9F9-6532-4030-81EF-C57DDC2DC4A2}.Release|Any CPU.Build.0 = Release|Any CPU
		{75F47D59-DD56-438B-BDCD-026C3DD48DA3}.Debug|Any CPU.ActiveCfg = Debug|Any CPU
		{75F47D59-DD56-438B-BDCD-026C3DD48DA3}.Debug|Any CPU.Build.0 = Debug|Any CPU
		{75F47D59-DD56-438B-BDCD-026C3DD48DA3}.Release|Any CPU.ActiveCfg = Release|Any CPU
		{75F47D59-DD56-438B-BDCD-026C3DD48DA3}.Release|Any CPU.Build.0 = Release|Any CPU
		{CDD3F8B9-B969-42D0-B345-218DBF55090D}.Debug|Any CPU.ActiveCfg = Debug|Any CPU
		{CDD3F8B9-B969-42D0-B345-218DBF55090D}.Debug|Any CPU.Build.0 = Debug|Any CPU
		{CDD3F8B9-B969-42D0-B345-218DBF55090D}.Release|Any CPU.ActiveCfg = Release|Any CPU
		{CDD3F8B9-B969-42D0-B345-218DBF55090D}.Release|Any CPU.Build.0 = Release|Any CPU
		{55E4ACB6-99E0-4F4F-B64A-5A96BF33CCE6}.Debug|Any CPU.ActiveCfg = Debug|Any CPU
		{55E4ACB6-99E0-4F4F-B64A-5A96BF33CCE6}.Debug|Any CPU.Build.0 = Debug|Any CPU
		{55E4ACB6-99E0-4F4F-B64A-5A96BF33CCE6}.Release|Any CPU.ActiveCfg = Release|Any CPU
		{55E4ACB6-99E0-4F4F-B64A-5A96BF33CCE6}.Release|Any CPU.Build.0 = Release|Any CPU
	EndGlobalSection
	GlobalSection(SolutionProperties) = preSolution
		HideSolutionNode = FALSE
	EndGlobalSection
	GlobalSection(ExtensibilityGlobals) = postSolution
		SolutionGuid = {88D31B97-8576-4098-BB1E-E96E9D7CCF33}
	EndGlobalSection
EndGlobal
